
Microsoft Visual Studio Solution File, Format Version 12.00
# Visual Studio 2013
VisualStudioVersion = 12.0.40629.0
MinimumVisualStudioVersion = 10.0.40219.1
Project("{F184B08F-C81C-45F6-A57F-5ABD9991F28F}") = "GitTest", "GitTest\GitTest.vbproj", "{A16C4482-47D8-4D8B-836D-E4EDC02D73A6}"
EndProject
Project("{F184B08F-C81C-45F6-A57F-5ABD9991F28F}") = "GitTest.Tests", "GitTest.Tests\GitTest.Tests.vbproj", "{C14C96A6-CB98-42DB-A982-203482DB2D68}"
EndProject
Global
	GlobalSection(SolutionConfigurationPlatforms) = preSolution
		Debug|Any CPU = Debug|Any CPU
		Release|Any CPU = Release|Any CPU
	EndGlobalSection
	GlobalSection(ProjectConfigurationPlatforms) = postSolution
		{A16C4482-47D8-4D8B-836D-E4EDC02D73A6}.Debug|Any CPU.ActiveCfg = Debug|Any CPU
		{A16C4482-47D8-4D8B-836D-E4EDC02D73A6}.Debug|Any CPU.Build.0 = Debug|Any CPU
		{A16C4482-47D8-4D8B-836D-E4EDC02D73A6}.Release|Any CPU.ActiveCfg = Release|Any CPU
		{A16C4482-47D8-4D8B-836D-E4EDC02D73A6}.Release|Any CPU.Build.0 = Release|Any CPU
		{C14C96A6-CB98-42DB-A982-203482DB2D68}.Debug|Any CPU.ActiveCfg = Debug|Any CPU
		{C14C96A6-CB98-42DB-A982-203482DB2D68}.Debug|Any CPU.Build.0 = Debug|Any CPU
		{C14C96A6-CB98-42DB-A982-203482DB2D68}.Release|Any CPU.ActiveCfg = Release|Any CPU
		{C14C96A6-CB98-42DB-A982-203482DB2D68}.Release|Any CPU.Build.0 = Release|Any CPU
	EndGlobalSection
	GlobalSection(SolutionProperties) = preSolution
		HideSolutionNode = FALSE
	EndGlobalSection
EndGlobal
